// !$*UTF8*$!
{
	archiveVersion = 1;
	classes = {
	};
	objectVersion = 51;
	objects = {

/* Begin PBXBuildFile section */
		4B47322722E12F5D00DCAF0F /* PlaceModel.swift in Sources */ = {isa = PBXBuildFile; fileRef = 4B47322622E12F5C00DCAF0F /* PlaceModel.swift */; };
		4B6B32D822E5523A00D55245 /* Extensions.swift in Sources */ = {isa = PBXBuildFile; fileRef = 4B6B32D722E5523A00D55245 /* Extensions.swift */; };
		4B7C730F22DD196300CC7ADE /* AppDelegate.swift in Sources */ = {isa = PBXBuildFile; fileRef = 4B7C730E22DD196300CC7ADE /* AppDelegate.swift */; };
		4B7C731322DD196300CC7ADE /* PlacesMapView.swift in Sources */ = {isa = PBXBuildFile; fileRef = 4B7C731222DD196300CC7ADE /* PlacesMapView.swift */; };
		4B7C731622DD196300CC7ADE /* Main.storyboard in Resources */ = {isa = PBXBuildFile; fileRef = 4B7C731422DD196300CC7ADE /* Main.storyboard */; };
		4B7C731822DD196600CC7ADE /* Assets.xcassets in Resources */ = {isa = PBXBuildFile; fileRef = 4B7C731722DD196600CC7ADE /* Assets.xcassets */; };
		4B7C731B22DD196600CC7ADE /* LaunchScreen.storyboard in Resources */ = {isa = PBXBuildFile; fileRef = 4B7C731922DD196600CC7ADE /* LaunchScreen.storyboard */; };
		4B7C732D22DD258700CC7ADE /* PlaceListTable.swift in Sources */ = {isa = PBXBuildFile; fileRef = 4B7C732C22DD258700CC7ADE /* PlaceListTable.swift */; };
		4B8B75F822EAB42D00D9FADD /* MapKit.framework in Frameworks */ = {isa = PBXBuildFile; fileRef = 4B8B75F722EAB42D00D9FADD /* MapKit.framework */; };
		4BB64C1122E83C12005E57B5 /* DetailTableView.swift in Sources */ = {isa = PBXBuildFile; fileRef = 4BB64C1022E83C12005E57B5 /* DetailTableView.swift */; };
		4BB64C1322E842AC005E57B5 /* DetailMapView.swift in Sources */ = {isa = PBXBuildFile; fileRef = 4BB64C1222E842AC005E57B5 /* DetailMapView.swift */; };
		563A176EC9194B1D51C4B94D /* Pods_FindaGym.framework in Frameworks */ = {isa = PBXBuildFile; fileRef = 9713A0092AE1CE4553E94632 /* Pods_FindaGym.framework */; };
/* End PBXBuildFile section */

/* Begin PBXFileReference section */
		4B47322622E12F5C00DCAF0F /* PlaceModel.swift */ = {isa = PBXFileReference; lastKnownFileType = sourcecode.swift; path = PlaceModel.swift; sourceTree = "<group>"; };
		4B6B32D722E5523A00D55245 /* Extensions.swift */ = {isa = PBXFileReference; lastKnownFileType = sourcecode.swift; path = Extensions.swift; sourceTree = "<group>"; };
		4B7C730B22DD196300CC7ADE /* FindaGym.app */ = {isa = PBXFileReference; explicitFileType = wrapper.application; includeInIndex = 0; path = FindaGym.app; sourceTree = BUILT_PRODUCTS_DIR; };
		4B7C730E22DD196300CC7ADE /* AppDelegate.swift */ = {isa = PBXFileReference; lastKnownFileType = sourcecode.swift; path = AppDelegate.swift; sourceTree = "<group>"; };
		4B7C731222DD196300CC7ADE /* PlacesMapView.swift */ = {isa = PBXFileReference; lastKnownFileType = sourcecode.swift; path = PlacesMapView.swift; sourceTree = "<group>"; };
		4B7C731522DD196300CC7ADE /* Base */ = {isa = PBXFileReference; lastKnownFileType = file.storyboard; name = Base; path = Base.lproj/Main.storyboard; sourceTree = "<group>"; };
		4B7C731722DD196600CC7ADE /* Assets.xcassets */ = {isa = PBXFileReference; lastKnownFileType = folder.assetcatalog; path = Assets.xcassets; sourceTree = "<group>"; };
		4B7C731A22DD196600CC7ADE /* Base */ = {isa = PBXFileReference; lastKnownFileType = file.storyboard; name = Base; path = Base.lproj/LaunchScreen.storyboard; sourceTree = "<group>"; };
		4B7C731C22DD196600CC7ADE /* Info.plist */ = {isa = PBXFileReference; lastKnownFileType = text.plist.xml; path = Info.plist; sourceTree = "<group>"; };
		4B7C732C22DD258700CC7ADE /* PlaceListTable.swift */ = {isa = PBXFileReference; lastKnownFileType = sourcecode.swift; path = PlaceListTable.swift; sourceTree = "<group>"; };
		4B8B75F722EAB42D00D9FADD /* MapKit.framework */ = {isa = PBXFileReference; lastKnownFileType = wrapper.framework; name = MapKit.framework; path = System/Library/Frameworks/MapKit.framework; sourceTree = SDKROOT; };
		4BB64C1022E83C12005E57B5 /* DetailTableView.swift */ = {isa = PBXFileReference; lastKnownFileType = sourcecode.swift; path = DetailTableView.swift; sourceTree = "<group>"; };
		4BB64C1222E842AC005E57B5 /* DetailMapView.swift */ = {isa = PBXFileReference; lastKnownFileType = sourcecode.swift; path = DetailMapView.swift; sourceTree = "<group>"; };
		9713A0092AE1CE4553E94632 /* Pods_FindaGym.framework */ = {isa = PBXFileReference; explicitFileType = wrapper.framework; includeInIndex = 0; path = Pods_FindaGym.framework; sourceTree = BUILT_PRODUCTS_DIR; };
		D8FDAA4AF89534E128C2A336 /* Pods-FindaGym.release.xcconfig */ = {isa = PBXFileReference; includeInIndex = 1; lastKnownFileType = text.xcconfig; name = "Pods-FindaGym.release.xcconfig"; path = "Target Support Files/Pods-FindaGym/Pods-FindaGym.release.xcconfig"; sourceTree = "<group>"; };
		F119DB5D957F592A3276EC44 /* Pods-FindaGym.debug.xcconfig */ = {isa = PBXFileReference; includeInIndex = 1; lastKnownFileType = text.xcconfig; name = "Pods-FindaGym.debug.xcconfig"; path = "Target Support Files/Pods-FindaGym/Pods-FindaGym.debug.xcconfig"; sourceTree = "<group>"; };
/* End PBXFileReference section */

/* Begin PBXFrameworksBuildPhase section */
		4B7C730822DD196300CC7ADE /* Frameworks */ = {
			isa = PBXFrameworksBuildPhase;
			buildActionMask = 2147483647;
			files = (
				4B8B75F822EAB42D00D9FADD /* MapKit.framework in Frameworks */,
				563A176EC9194B1D51C4B94D /* Pods_FindaGym.framework in Frameworks */,
			);
			runOnlyForDeploymentPostprocessing = 0;
		};
/* End PBXFrameworksBuildPhase section */

/* Begin PBXGroup section */
		2A8E594065CE4303683374C6 /* Pods */ = {
			isa = PBXGroup;
			children = (
				F119DB5D957F592A3276EC44 /* Pods-FindaGym.debug.xcconfig */,
				D8FDAA4AF89534E128C2A336 /* Pods-FindaGym.release.xcconfig */,
			);
			path = Pods;
			sourceTree = "<group>";
		};
		4B7C730222DD196300CC7ADE = {
			isa = PBXGroup;
			children = (
				4B7C730D22DD196300CC7ADE /* FindaGym */,
				4B7C730C22DD196300CC7ADE /* Products */,
				4B8B75F622EAB42D00D9FADD /* Frameworks */,
				2A8E594065CE4303683374C6 /* Pods */,
			);
			sourceTree = "<group>";
		};
		4B7C730C22DD196300CC7ADE /* Products */ = {
			isa = PBXGroup;
			children = (
				4B7C730B22DD196300CC7ADE /* FindaGym.app */,
			);
			name = Products;
			sourceTree = "<group>";
		};
		4B7C730D22DD196300CC7ADE /* FindaGym */ = {
			isa = PBXGroup;
			children = (
				4B7C730E22DD196300CC7ADE /* AppDelegate.swift */,
				4B6B32D722E5523A00D55245 /* Extensions.swift */,
				4B47322622E12F5C00DCAF0F /* PlaceModel.swift */,
				4B7C731222DD196300CC7ADE /* PlacesMapView.swift */,
				4B7C732C22DD258700CC7ADE /* PlaceListTable.swift */,
				4BB64C1222E842AC005E57B5 /* DetailMapView.swift */,
				4BB64C1022E83C12005E57B5 /* DetailTableView.swift */,
				4B7C731422DD196300CC7ADE /* Main.storyboard */,
				4B7C731722DD196600CC7ADE /* Assets.xcassets */,
				4B7C731922DD196600CC7ADE /* LaunchScreen.storyboard */,
				4B7C731C22DD196600CC7ADE /* Info.plist */,
			);
			path = FindaGym;
			sourceTree = "<group>";
		};
		4B8B75F622EAB42D00D9FADD /* Frameworks */ = {
			isa = PBXGroup;
			children = (
				4B8B75F722EAB42D00D9FADD /* MapKit.framework */,
				9713A0092AE1CE4553E94632 /* Pods_FindaGym.framework */,
			);
			name = Frameworks;
			sourceTree = "<group>";
		};
/* End PBXGroup section */

/* Begin PBXNativeTarget section */
		4B7C730A22DD196300CC7ADE /* FindaGym */ = {
			isa = PBXNativeTarget;
			buildConfigurationList = 4B7C731F22DD196600CC7ADE /* Build configuration list for PBXNativeTarget "FindaGym" */;
			buildPhases = (
				A5A27912366D79029CF8AAA4 /* [CP] Check Pods Manifest.lock */,
				4B7C730722DD196300CC7ADE /* Sources */,
				4B7C730822DD196300CC7ADE /* Frameworks */,
				4B7C730922DD196300CC7ADE /* Resources */,
				E63DBE278B2436991AB2E38F /* [CP] Embed Pods Frameworks */,
			);
			buildRules = (
			);
			dependencies = (
			);
			name = FindaGym;
			productName = GymFinda;
			productReference = 4B7C730B22DD196300CC7ADE /* FindaGym.app */;
			productType = "com.apple.product-type.application";
		};
/* End PBXNativeTarget section */

/* Begin PBXProject section */
		4B7C730322DD196300CC7ADE /* Project object */ = {
			isa = PBXProject;
			attributes = {
				LastSwiftUpdateCheck = 1020;
				LastUpgradeCheck = 1210;
				ORGANIZATIONNAME = "Brad Booysen";
				TargetAttributes = {
					4B7C730A22DD196300CC7ADE = {
						CreatedOnToolsVersion = 10.2.1;
						SystemCapabilities = {
							com.apple.InterAppAudio = {
								enabled = 0;
							};
							com.apple.Maps.iOS = {
								enabled = 1;
							};
						};
					};
				};
			};
			buildConfigurationList = 4B7C730622DD196300CC7ADE /* Build configuration list for PBXProject "FindaGym" */;
			compatibilityVersion = "Xcode 9.3";
			developmentRegion = en;
			hasScannedForEncodings = 0;
			knownRegions = (
				en,
				Base,
			);
			mainGroup = 4B7C730222DD196300CC7ADE;
			productRefGroup = 4B7C730C22DD196300CC7ADE /* Products */;
			projectDirPath = "";
			projectRoot = "";
			targets = (
				4B7C730A22DD196300CC7ADE /* FindaGym */,
			);
		};
/* End PBXProject section */

/* Begin PBXResourcesBuildPhase section */
		4B7C730922DD196300CC7ADE /* Resources */ = {
			isa = PBXResourcesBuildPhase;
			buildActionMask = 2147483647;
			files = (
				4B7C731B22DD196600CC7ADE /* LaunchScreen.storyboard in Resources */,
				4B7C731822DD196600CC7ADE /* Assets.xcassets in Resources */,
				4B7C731622DD196300CC7ADE /* Main.storyboard in Resources */,
			);
			runOnlyForDeploymentPostprocessing = 0;
		};
/* End PBXResourcesBuildPhase section */

/* Begin PBXShellScriptBuildPhase section */
		A5A27912366D79029CF8AAA4 /* [CP] Check Pods Manifest.lock */ = {
			isa = PBXShellScriptBuildPhase;
			buildActionMask = 2147483647;
			files = (
			);
			inputFileListPaths = (
			);
			inputPaths = (
				"${PODS_PODFILE_DIR_PATH}/Podfile.lock",
				"${PODS_ROOT}/Manifest.lock",
			);
			name = "[CP] Check Pods Manifest.lock";
			outputFileListPaths = (
			);
			outputPaths = (
				"$(DERIVED_FILE_DIR)/Pods-FindaGym-checkManifestLockResult.txt",
			);
			runOnlyForDeploymentPostprocessing = 0;
			shellPath = /bin/sh;
			shellScript = "diff \"${PODS_PODFILE_DIR_PATH}/Podfile.lock\" \"${PODS_ROOT}/Manifest.lock\" > /dev/null\nif [ $? != 0 ] ; then\n    # print error to STDERR\n    echo \"error: The sandbox is not in sync with the Podfile.lock. Run 'pod install' or update your CocoaPods installation.\" >&2\n    exit 1\nfi\n# This output is used by Xcode 'outputs' to avoid re-running this script phase.\necho \"SUCCESS\" > \"${SCRIPT_OUTPUT_FILE_0}\"\n";
			showEnvVarsInLog = 0;
		};
		E63DBE278B2436991AB2E38F /* [CP] Embed Pods Frameworks */ = {
			isa = PBXShellScriptBuildPhase;
			buildActionMask = 2147483647;
			files = (
			);
			inputFileListPaths = (
				"${PODS_ROOT}/Target Support Files/Pods-FindaGym/Pods-FindaGym-frameworks-${CONFIGURATION}-input-files.xcfilelist",
			);
			name = "[CP] Embed Pods Frameworks";
			outputFileListPaths = (
				"${PODS_ROOT}/Target Support Files/Pods-FindaGym/Pods-FindaGym-frameworks-${CONFIGURATION}-output-files.xcfilelist",
			);
			runOnlyForDeploymentPostprocessing = 0;
			shellPath = /bin/sh;
			shellScript = "\"${PODS_ROOT}/Target Support Files/Pods-FindaGym/Pods-FindaGym-frameworks.sh\"\n";
			showEnvVarsInLog = 0;
		};
/* End PBXShellScriptBuildPhase section */

/* Begin PBXSourcesBuildPhase section */
		4B7C730722DD196300CC7ADE /* Sources */ = {
			isa = PBXSourcesBuildPhase;
			buildActionMask = 2147483647;
			files = (
				4B7C732D22DD258700CC7ADE /* PlaceListTable.swift in Sources */,
				4B6B32D822E5523A00D55245 /* Extensions.swift in Sources */,
				4B7C731322DD196300CC7ADE /* PlacesMapView.swift in Sources */,
				4BB64C1322E842AC005E57B5 /* DetailMapView.swift in Sources */,
				4B7C730F22DD196300CC7ADE /* AppDelegate.swift in Sources */,
				4BB64C1122E83C12005E57B5 /* DetailTableView.swift in Sources */,
				4B47322722E12F5D00DCAF0F /* PlaceModel.swift in Sources */,
			);
			runOnlyForDeploymentPostprocessing = 0;
		};
/* End PBXSourcesBuildPhase section */

/* Begin PBXVariantGroup section */
		4B7C731422DD196300CC7ADE /* Main.storyboard */ = {
			isa = PBXVariantGroup;
			children = (
				4B7C731522DD196300CC7ADE /* Base */,
			);
			name = Main.storyboard;
			sourceTree = "<group>";
		};
		4B7C731922DD196600CC7ADE /* LaunchScreen.storyboard */ = {
			isa = PBXVariantGroup;
			children = (
				4B7C731A22DD196600CC7ADE /* Base */,
			);
			name = LaunchScreen.storyboard;
			sourceTree = "<group>";
		};
/* End PBXVariantGroup section */

/* Begin XCBuildConfiguration section */
		4B7C731D22DD196600CC7ADE /* Debug */ = {
			isa = XCBuildConfiguration;
			buildSettings = {
				ALWAYS_SEARCH_USER_PATHS = NO;
				CLANG_ANALYZER_NONNULL = YES;
				CLANG_ANALYZER_NUMBER_OBJECT_CONVERSION = YES_AGGRESSIVE;
				CLANG_CXX_LANGUAGE_STANDARD = "gnu++14";
				CLANG_CXX_LIBRARY = "libc++";
				CLANG_ENABLE_MODULES = YES;
				CLANG_ENABLE_OBJC_ARC = YES;
				CLANG_ENABLE_OBJC_WEAK = YES;
				CLANG_WARN_BLOCK_CAPTURE_AUTORELEASING = YES;
				CLANG_WARN_BOOL_CONVERSION = YES;
				CLANG_WARN_COMMA = YES;
				CLANG_WARN_CONSTANT_CONVERSION = YES;
				CLANG_WARN_DEPRECATED_OBJC_IMPLEMENTATIONS = YES;
				CLANG_WARN_DIRECT_OBJC_ISA_USAGE = YES_ERROR;
				CLANG_WARN_DOCUMENTATION_COMMENTS = YES;
				CLANG_WARN_EMPTY_BODY = YES;
				CLANG_WARN_ENUM_CONVERSION = YES;
				CLANG_WARN_INFINITE_RECURSION = YES;
				CLANG_WARN_INT_CONVERSION = YES;
				CLANG_WARN_NON_LITERAL_NULL_CONVERSION = YES;
				CLANG_WARN_OBJC_IMPLICIT_RETAIN_SELF = YES;
				CLANG_WARN_OBJC_LITERAL_CONVERSION = YES;
				CLANG_WARN_OBJC_ROOT_CLASS = YES_ERROR;
				CLANG_WARN_QUOTED_INCLUDE_IN_FRAMEWORK_HEADER = YES;
				CLANG_WARN_RANGE_LOOP_ANALYSIS = YES;
				CLANG_WARN_STRICT_PROTOTYPES = YES;
				CLANG_WARN_SUSPICIOUS_MOVE = YES;
				CLANG_WARN_UNGUARDED_AVAILABILITY = YES_AGGRESSIVE;
				CLANG_WARN_UNREACHABLE_CODE = YES;
				CLANG_WARN__DUPLICATE_METHOD_MATCH = YES;
				CODE_SIGN_IDENTITY = "iPhone Developer";
				COPY_PHASE_STRIP = NO;
				DEBUG_INFORMATION_FORMAT = dwarf;
				ENABLE_STRICT_OBJC_MSGSEND = YES;
				ENABLE_TESTABILITY = YES;
				GCC_C_LANGUAGE_STANDARD = gnu11;
				GCC_DYNAMIC_NO_PIC = NO;
				GCC_NO_COMMON_BLOCKS = YES;
				GCC_OPTIMIZATION_LEVEL = 0;
				GCC_PREPROCESSOR_DEFINITIONS = (
					"DEBUG=1",
					"$(inherited)",
				);
				GCC_WARN_64_TO_32_BIT_CONVERSION = YES;
				GCC_WARN_ABOUT_RETURN_TYPE = YES_ERROR;
				GCC_WARN_UNDECLARED_SELECTOR = YES;
				GCC_WARN_UNINITIALIZED_AUTOS = YES_AGGRESSIVE;
				GCC_WARN_UNUSED_FUNCTION = YES;
				GCC_WARN_UNUSED_VARIABLE = YES;
				IPHONEOS_DEPLOYMENT_TARGET = 14.0;
				MTL_ENABLE_DEBUG_INFO = INCLUDE_SOURCE;
				MTL_FAST_MATH = YES;
				ONLY_ACTIVE_ARCH = YES;
				SDKROOT = iphoneos;
				SWIFT_ACTIVE_COMPILATION_CONDITIONS = DEBUG;
				SWIFT_OPTIMIZATION_LEVEL = "-Onone";
			};
			name = Debug;
		};
		4B7C731E22DD196600CC7ADE /* Release */ = {
			isa = XCBuildConfiguration;
			buildSettings = {
				ALWAYS_SEARCH_USER_PATHS = NO;
				CLANG_ANALYZER_NONNULL = YES;
				CLANG_ANALYZER_NUMBER_OBJECT_CONVERSION = YES_AGGRESSIVE;
				CLANG_CXX_LANGUAGE_STANDARD = "gnu++14";
				CLANG_CXX_LIBRARY = "libc++";
				CLANG_ENABLE_MODULES = YES;
				CLANG_ENABLE_OBJC_ARC = YES;
				CLANG_ENABLE_OBJC_WEAK = YES;
				CLANG_WARN_BLOCK_CAPTURE_AUTORELEASING = YES;
				CLANG_WARN_BOOL_CONVERSION = YES;
				CLANG_WARN_COMMA = YES;
				CLANG_WARN_CONSTANT_CONVERSION = YES;
				CLANG_WARN_DEPRECATED_OBJC_IMPLEMENTATIONS = YES;
				CLANG_WARN_DIRECT_OBJC_ISA_USAGE = YES_ERROR;
				CLANG_WARN_DOCUMENTATION_COMMENTS = YES;
				CLANG_WARN_EMPTY_BODY = YES;
				CLANG_WARN_ENUM_CONVERSION = YES;
				CLANG_WARN_INFINITE_RECURSION = YES;
				CLANG_WARN_INT_CONVERSION = YES;
				CLANG_WARN_NON_LITERAL_NULL_CONVERSION = YES;
				CLANG_WARN_OBJC_IMPLICIT_RETAIN_SELF = YES;
				CLANG_WARN_OBJC_LITERAL_CONVERSION = YES;
				CLANG_WARN_OBJC_ROOT_CLASS = YES_ERROR;
				CLANG_WARN_QUOTED_INCLUDE_IN_FRAMEWORK_HEADER = YES;
				CLANG_WARN_RANGE_LOOP_ANALYSIS = YES;
				CLANG_WARN_STRICT_PROTOTYPES = YES;
				CLANG_WARN_SUSPICIOUS_MOVE = YES;
				CLANG_WARN_UNGUARDED_AVAILABILITY = YES_AGGRESSIVE;
				CLANG_WARN_UNREACHABLE_CODE = YES;
				CLANG_WARN__DUPLICATE_METHOD_MATCH = YES;
				CODE_SIGN_IDENTITY = "iPhone Developer";
				COPY_PHASE_STRIP = NO;
				DEBUG_INFORMATION_FORMAT = "dwarf-with-dsym";
				ENABLE_NS_ASSERTIONS = NO;
				ENABLE_STRICT_OBJC_MSGSEND = YES;
				GCC_C_LANGUAGE_STANDARD = gnu11;
				GCC_NO_COMMON_BLOCKS = YES;
				GCC_WARN_64_TO_32_BIT_CONVERSION = YES;
				GCC_WARN_ABOUT_RETURN_TYPE = YES_ERROR;
				GCC_WARN_UNDECLARED_SELECTOR = YES;
				GCC_WARN_UNINITIALIZED_AUTOS = YES_AGGRESSIVE;
				GCC_WARN_UNUSED_FUNCTION = YES;
				GCC_WARN_UNUSED_VARIABLE = YES;
				IPHONEOS_DEPLOYMENT_TARGET = 14.0;
				MTL_ENABLE_DEBUG_INFO = NO;
				MTL_FAST_MATH = YES;
				SDKROOT = iphoneos;
				SWIFT_COMPILATION_MODE = wholemodule;
				SWIFT_OPTIMIZATION_LEVEL = "-O";
				VALIDATE_PRODUCT = YES;
			};
			name = Release;
		};
		4B7C732022DD196600CC7ADE /* Debug */ = {
			isa = XCBuildConfiguration;
			baseConfigurationReference = F119DB5D957F592A3276EC44 /* Pods-FindaGym.debug.xcconfig */;
			buildSettings = {
				ASSETCATALOG_COMPILER_APPICON_NAME = AppIcon;
				CODE_SIGN_STYLE = Automatic;
				DEVELOPMENT_TEAM = 6CDSMS49SQ;
				INFOPLIST_FILE = FindaGym/Info.plist;
				IPHONEOS_DEPLOYMENT_TARGET = 14.0;
				LD_RUNPATH_SEARCH_PATHS = (
					"$(inherited)",
					"@executable_path/Frameworks",
				);
				MARKETING_VERSION = 1.2;
				PRODUCT_BUNDLE_IDENTIFIER = com.booysenberry.FindaGym;
				PRODUCT_NAME = "$(TARGET_NAME)";
				SWIFT_VERSION = 5.0;
				TARGETED_DEVICE_FAMILY = 1;
			};
			name = Debug;
		};
		4B7C732122DD196600CC7ADE /* Release */ = {
			isa = XCBuildConfiguration;
			baseConfigurationReference = D8FDAA4AF89534E128C2A336 /* Pods-FindaGym.release.xcconfig */;
			buildSettings = {
				ASSETCATALOG_COMPILER_APPICON_NAME = AppIcon;
				CODE_SIGN_STYLE = Automatic;
				DEVELOPMENT_TEAM = 6CDSMS49SQ;
				INFOPLIST_FILE = FindaGym/Info.plist;
				IPHONEOS_DEPLOYMENT_TARGET = 14.0;
				LD_RUNPATH_SEARCH_PATHS = (
					"$(inherited)",
					"@executable_path/Frameworks",
				);
				MARKETING_VERSION = 1.2;
				PRODUCT_BUNDLE_IDENTIFIER = com.booysenberry.FindaGym;
				PRODUCT_NAME = "$(TARGET_NAME)";
				SWIFT_VERSION = 5.0;
				TARGETED_DEVICE_FAMILY = 1;
			};
			name = Release;
		};
/* End XCBuildConfiguration section */

/* Begin XCConfigurationList section */
		4B7C730622DD196300CC7ADE /* Build configuration list for PBXProject "FindaGym" */ = {
			isa = XCConfigurationList;
			buildConfigurations = (
				4B7C731D22DD196600CC7ADE /* Debug */,
				4B7C731E22DD196600CC7ADE /* Release */,
			);
			defaultConfigurationIsVisible = 0;
			defaultConfigurationName = Release;
		};
		4B7C731F22DD196600CC7ADE /* Build configuration list for PBXNativeTarget "FindaGym" */ = {
			isa = XCConfigurationList;
			buildConfigurations = (
				4B7C732022DD196600CC7ADE /* Debug */,
				4B7C732122DD196600CC7ADE /* Release */,
			);
			defaultConfigurationIsVisible = 0;
			defaultConfigurationName = Release;
		};
/* End XCConfigurationList section */
	};
	rootObject = 4B7C730322DD196300CC7ADE /* Project object */;
}
